
Microsoft Visual Studio Solution File, Format Version 12.00
# Visual Studio 15
VisualStudioVersion = 15.0.28307.1062
MinimumVisualStudioVersion = 10.0.40219.1
Project("{FAE04EC0-301F-11D3-BF4B-00C04F79EFBC}") = "BookWeb", "BookWeb\BookWeb.csproj", "{C12D0FA5-A835-4F29-A542-910433E512F4}"
EndProject
Project("{9A19103F-16F7-4668-BE54-9A1E7A4F7556}") = "Siji-BookWebApi", "..\Siji-BookWebApi\Siji-BookWebApi\Siji-BookWebApi.csproj", "{B6C54138-405A-42AA-8E66-EC901A8DAB73}"
EndProject
Global
	GlobalSection(SolutionConfigurationPlatforms) = preSolution
		Debug|Any CPU = Debug|Any CPU
		Release|Any CPU = Release|Any CPU
	EndGlobalSection
	GlobalSection(ProjectConfigurationPlatforms) = postSolution
		{C12D0FA5-A835-4F29-A542-910433E512F4}.Debug|Any CPU.ActiveCfg = Debug|Any CPU
		{C12D0FA5-A835-4F29-A542-910433E512F4}.Debug|Any CPU.Build.0 = Debug|Any CPU
		{C12D0FA5-A835-4F29-A542-910433E512F4}.Release|Any CPU.ActiveCfg = Release|Any CPU
		{C12D0FA5-A835-4F29-A542-910433E512F4}.Release|Any CPU.Build.0 = Release|Any CPU
		{B6C54138-405A-42AA-8E66-EC901A8DAB73}.Debug|Any CPU.ActiveCfg = Debug|Any CPU
		{B6C54138-405A-42AA-8E66-EC901A8DAB73}.Debug|Any CPU.Build.0 = Debug|Any CPU
		{B6C54138-405A-42AA-8E66-EC901A8DAB73}.Release|Any CPU.ActiveCfg = Release|Any CPU
		{B6C54138-405A-42AA-8E66-EC901A8DAB73}.Release|Any CPU.Build.0 = Release|Any CPU
	EndGlobalSection
	GlobalSection(SolutionProperties) = preSolution
		HideSolutionNode = FALSE
	EndGlobalSection
	GlobalSection(ExtensibilityGlobals) = postSolution
		SolutionGuid = {A73C1B7E-268A-4BB5-8DF7-BA1FF72E2A05}
	EndGlobalSection
EndGlobal
